
Microsoft Visual Studio Solution File, Format Version 12.00
# Visual Studio Version 17
VisualStudioVersion = 17.5.33516.290
MinimumVisualStudioVersion = 10.0.40219.1
Project("{FAE04EC0-301F-11D3-BF4B-00C04F79EFBC}") = "CuppaComfort", "CuppaComfort.csproj", "{B1578812-1A3C-48F2-ACC8-258A88875CAE}"
EndProject
Global
	GlobalSection(SolutionConfigurationPlatforms) = preSolution
		Debug|Any CPU = Debug|Any CPU
		Release|Any CPU = Release|Any CPU
	EndGlobalSection
	GlobalSection(ProjectConfigurationPlatforms) = postSolution
		{B1578812-1A3C-48F2-ACC8-258A88875CAE}.Debug|Any CPU.ActiveCfg = Debug|Any CPU
		{B1578812-1A3C-48F2-ACC8-258A88875CAE}.Debug|Any CPU.Build.0 = Debug|Any CPU
		{B1578812-1A3C-48F2-ACC8-258A88875CAE}.Release|Any CPU.ActiveCfg = Release|Any CPU
		{B1578812-1A3C-48F2-ACC8-258A88875CAE}.Release|Any CPU.Build.0 = Release|Any CPU
	EndGlobalSection
	GlobalSection(SolutionProperties) = preSolution
		HideSolutionNode = FALSE
	EndGlobalSection
	GlobalSection(ExtensibilityGlobals) = postSolution
		SolutionGuid = {C925F6FB-6F8D-4EBD-AB52-7092DAE6EFA6}
	EndGlobalSection
EndGlobal
